
Microsoft Visual Studio Solution File, Format Version 12.00
# Visual Studio Version 17
VisualStudioVersion = 17.2.32519.379
MinimumVisualStudioVersion = 10.0.40219.1
Project("{FAE04EC0-301F-11D3-BF4B-00C04F79EFBC}") = "pryAliagaSP3", "pryAliagaSP3\pryAliagaSP3.csproj", "{C7A13B7B-F161-427A-A04E-7C6117417A64}"
EndProject
Global
	GlobalSection(SolutionConfigurationPlatforms) = preSolution
		Debug|Any CPU = Debug|Any CPU
		Release|Any CPU = Release|Any CPU
	EndGlobalSection
	GlobalSection(ProjectConfigurationPlatforms) = postSolution
		{C7A13B7B-F161-427A-A04E-7C6117417A64}.Debug|Any CPU.ActiveCfg = Debug|Any CPU
		{C7A13B7B-F161-427A-A04E-7C6117417A64}.Debug|Any CPU.Build.0 = Debug|Any CPU
		{C7A13B7B-F161-427A-A04E-7C6117417A64}.Release|Any CPU.ActiveCfg = Release|Any CPU
		{C7A13B7B-F161-427A-A04E-7C6117417A64}.Release|Any CPU.Build.0 = Release|Any CPU
	EndGlobalSection
	GlobalSection(SolutionProperties) = preSolution
		HideSolutionNode = FALSE
	EndGlobalSection
	GlobalSection(ExtensibilityGlobals) = postSolution
		SolutionGuid = {C25EDD9E-7427-4EB9-8700-16C55213F554}
	EndGlobalSection
EndGlobal
